
Microsoft Visual Studio Solution File, Format Version 12.00
# Visual Studio Version 17
VisualStudioVersion = 17.5.2.0
MinimumVisualStudioVersion = 10.0.40219.1
Project("{FAE04EC0-301F-11D3-BF4B-00C04F79EFBC}") = "day1", "day1\day1.csproj", "{66801BA3-C76F-D404-9B01-79D62F8A46FC}"
EndProject
Project("{FAE04EC0-301F-11D3-BF4B-00C04F79EFBC}") = "day2", "day2\day2.csproj", "{C31CDE4E-EAEF-4D98-A6DF-17DA1B941253}"
EndProject
Project("{FAE04EC0-301F-11D3-BF4B-00C04F79EFBC}") = "day3", "day3\day3.csproj", "{6A3CBDC4-5D29-4203-889E-6F7586BE4555}"
EndProject
Project("{FAE04EC0-301F-11D3-BF4B-00C04F79EFBC}") = "day4", "day4\day4.csproj", "{A22423C6-E584-450B-91E9-D6F5E7731101}"
EndProject
Global
	GlobalSection(SolutionConfigurationPlatforms) = preSolution
		Debug|Any CPU = Debug|Any CPU
		Debug|x64 = Debug|x64
		Debug|x86 = Debug|x86
		Release|Any CPU = Release|Any CPU
		Release|x64 = Release|x64
		Release|x86 = Release|x86
	EndGlobalSection
	GlobalSection(ProjectConfigurationPlatforms) = postSolution
		{66801BA3-C76F-D404-9B01-79D62F8A46FC}.Debug|Any CPU.ActiveCfg = Debug|Any CPU
		{66801BA3-C76F-D404-9B01-79D62F8A46FC}.Debug|Any CPU.Build.0 = Debug|Any CPU
		{66801BA3-C76F-D404-9B01-79D62F8A46FC}.Debug|x64.ActiveCfg = Debug|Any CPU
		{66801BA3-C76F-D404-9B01-79D62F8A46FC}.Debug|x64.Build.0 = Debug|Any CPU
		{66801BA3-C76F-D404-9B01-79D62F8A46FC}.Debug|x86.ActiveCfg = Debug|Any CPU
		{66801BA3-C76F-D404-9B01-79D62F8A46FC}.Debug|x86.Build.0 = Debug|Any CPU
		{66801BA3-C76F-D404-9B01-79D62F8A46FC}.Release|Any CPU.ActiveCfg = Release|Any CPU
		{66801BA3-C76F-D404-9B01-79D62F8A46FC}.Release|Any CPU.Build.0 = Release|Any CPU
		{66801BA3-C76F-D404-9B01-79D62F8A46FC}.Release|x64.ActiveCfg = Release|Any CPU
		{66801BA3-C76F-D404-9B01-79D62F8A46FC}.Release|x64.Build.0 = Release|Any CPU
		{66801BA3-C76F-D404-9B01-79D62F8A46FC}.Release|x86.ActiveCfg = Release|Any CPU
		{66801BA3-C76F-D404-9B01-79D62F8A46FC}.Release|x86.Build.0 = Release|Any CPU
		{C31CDE4E-EAEF-4D98-A6DF-17DA1B941253}.Debug|Any CPU.ActiveCfg = Debug|Any CPU
		{C31CDE4E-EAEF-4D98-A6DF-17DA1B941253}.Debug|Any CPU.Build.0 = Debug|Any CPU
		{C31CDE4E-EAEF-4D98-A6DF-17DA1B941253}.Debug|x64.ActiveCfg = Debug|Any CPU
		{C31CDE4E-EAEF-4D98-A6DF-17DA1B941253}.Debug|x64.Build.0 = Debug|Any CPU
		{C31CDE4E-EAEF-4D98-A6DF-17DA1B941253}.Debug|x86.ActiveCfg = Debug|Any CPU
		{C31CDE4E-EAEF-4D98-A6DF-17DA1B941253}.Debug|x86.Build.0 = Debug|Any CPU
		{C31CDE4E-EAEF-4D98-A6DF-17DA1B941253}.Release|Any CPU.ActiveCfg = Release|Any CPU
		{C31CDE4E-EAEF-4D98-A6DF-17DA1B941253}.Release|Any CPU.Build.0 = Release|Any CPU
		{C31CDE4E-EAEF-4D98-A6DF-17DA1B941253}.Release|x64.ActiveCfg = Release|Any CPU
		{C31CDE4E-EAEF-4D98-A6DF-17DA1B941253}.Release|x64.Build.0 = Release|Any CPU
		{C31CDE4E-EAEF-4D98-A6DF-17DA1B941253}.Release|x86.ActiveCfg = Release|Any CPU
		{C31CDE4E-EAEF-4D98-A6DF-17DA1B941253}.Release|x86.Build.0 = Release|Any CPU
		{6A3CBDC4-5D29-4203-889E-6F7586BE4555}.Debug|Any CPU.ActiveCfg = Debug|Any CPU
		{6A3CBDC4-5D29-4203-889E-6F7586BE4555}.Debug|Any CPU.Build.0 = Debug|Any CPU
		{6A3CBDC4-5D29-4203-889E-6F7586BE4555}.Debug|x64.ActiveCfg = Debug|Any CPU
		{6A3CBDC4-5D29-4203-889E-6F7586BE4555}.Debug|x64.Build.0 = Debug|Any CPU
		{6A3CBDC4-5D29-4203-889E-6F7586BE4555}.Debug|x86.ActiveCfg = Debug|Any CPU
		{6A3CBDC4-5D29-4203-889E-6F7586BE4555}.Debug|x86.Build.0 = Debug|Any CPU
		{6A3CBDC4-5D29-4203-889E-6F7586BE4555}.Release|Any CPU.ActiveCfg = Release|Any CPU
		{6A3CBDC4-5D29-4203-889E-6F7586BE4555}.Release|Any CPU.Build.0 = Release|Any CPU
		{6A3CBDC4-5D29-4203-889E-6F7586BE4555}.Release|x64.ActiveCfg = Release|Any CPU
		{6A3CBDC4-5D29-4203-889E-6F7586BE4555}.Release|x64.Build.0 = Release|Any CPU
		{6A3CBDC4-5D29-4203-889E-6F7586BE4555}.Release|x86.ActiveCfg = Release|Any CPU
		{6A3CBDC4-5D29-4203-889E-6F7586BE4555}.Release|x86.Build.0 = Release|Any CPU
		{A22423C6-E584-450B-91E9-D6F5E7731101}.Debug|Any CPU.ActiveCfg = Debug|Any CPU
		{A22423C6-E584-450B-91E9-D6F5E7731101}.Debug|Any CPU.Build.0 = Debug|Any CPU
		{A22423C6-E584-450B-91E9-D6F5E7731101}.Debug|x64.ActiveCfg = Debug|Any CPU
		{A22423C6-E584-450B-91E9-D6F5E7731101}.Debug|x64.Build.0 = Debug|Any CPU
		{A22423C6-E584-450B-91E9-D6F5E7731101}.Debug|x86.ActiveCfg = Debug|Any CPU
		{A22423C6-E584-450B-91E9-D6F5E7731101}.Debug|x86.Build.0 = Debug|Any CPU
		{A22423C6-E584-450B-91E9-D6F5E7731101}.Release|Any CPU.ActiveCfg = Release|Any CPU
		{A22423C6-E584-450B-91E9-D6F5E7731101}.Release|Any CPU.Build.0 = Release|Any CPU
		{A22423C6-E584-450B-91E9-D6F5E7731101}.Release|x64.ActiveCfg = Release|Any CPU
		{A22423C6-E584-450B-91E9-D6F5E7731101}.Release|x64.Build.0 = Release|Any CPU
		{A22423C6-E584-450B-91E9-D6F5E7731101}.Release|x86.ActiveCfg = Release|Any CPU
		{A22423C6-E584-450B-91E9-D6F5E7731101}.Release|x86.Build.0 = Release|Any CPU
	EndGlobalSection
	GlobalSection(SolutionProperties) = preSolution
		HideSolutionNode = FALSE
	EndGlobalSection
	GlobalSection(ExtensibilityGlobals) = postSolution
		SolutionGuid = {08C005C9-680E-4CFC-A08D-E0136867DE59}
	EndGlobalSection
EndGlobal
